
Microsoft Visual Studio Solution File, Format Version 12.00
# Visual Studio Version 17
VisualStudioVersion = 17.0.32112.339
MinimumVisualStudioVersion = 10.0.40219.1
Project("{FAE04EC0-301F-11D3-BF4B-00C04F79EFBC}") = "FindMaximumUsingGenerics", "FindMaximumUsingGenerics\FindMaximumUsingGenerics.csproj", "{6013AFDF-A627-46EA-9AB4-2533BFF19F5F}"
EndProject
Global
	GlobalSection(SolutionConfigurationPlatforms) = preSolution
		Debug|Any CPU = Debug|Any CPU
		Release|Any CPU = Release|Any CPU
	EndGlobalSection
	GlobalSection(ProjectConfigurationPlatforms) = postSolution
		{6013AFDF-A627-46EA-9AB4-2533BFF19F5F}.Debug|Any CPU.ActiveCfg = Debug|Any CPU
		{6013AFDF-A627-46EA-9AB4-2533BFF19F5F}.Debug|Any CPU.Build.0 = Debug|Any CPU
		{6013AFDF-A627-46EA-9AB4-2533BFF19F5F}.Release|Any CPU.ActiveCfg = Release|Any CPU
		{6013AFDF-A627-46EA-9AB4-2533BFF19F5F}.Release|Any CPU.Build.0 = Release|Any CPU
	EndGlobalSection
	GlobalSection(SolutionProperties) = preSolution
		HideSolutionNode = FALSE
	EndGlobalSection
	GlobalSection(ExtensibilityGlobals) = postSolution
		SolutionGuid = {5D314687-F402-47B8-9804-9FD38E49FED6}
	EndGlobalSection
EndGlobal
